
Microsoft Visual Studio Solution File, Format Version 12.00
# Visual Studio Version 16
VisualStudioVersion = 16.0.30804.86
MinimumVisualStudioVersion = 10.0.40219.1
Project("{FAE04EC0-301F-11D3-BF4B-00C04F79EFBC}") = "Car Dealer.App", "Car Dealer\Car Dealer.App.csproj", "{FBF5BAC1-536C-4628-BB53-DFE09472C5F3}"
EndProject
Project("{FAE04EC0-301F-11D3-BF4B-00C04F79EFBC}") = "Models", "Models\Models.csproj", "{1B81CAC2-3A7E-4B21-A84B-60CE02195228}"
EndProject
Project("{FAE04EC0-301F-11D3-BF4B-00C04F79EFBC}") = "Data", "Data\Data.csproj", "{557B6A38-27E5-4C5C-88BD-1A7AD38D78ED}"
EndProject
Global
	GlobalSection(SolutionConfigurationPlatforms) = preSolution
		Debug|Any CPU = Debug|Any CPU
		Release|Any CPU = Release|Any CPU
	EndGlobalSection
	GlobalSection(ProjectConfigurationPlatforms) = postSolution
		{FBF5BAC1-536C-4628-BB53-DFE09472C5F3}.Debug|Any CPU.ActiveCfg = Debug|Any CPU
		{FBF5BAC1-536C-4628-BB53-DFE09472C5F3}.Debug|Any CPU.Build.0 = Debug|Any CPU
		{FBF5BAC1-536C-4628-BB53-DFE09472C5F3}.Release|Any CPU.ActiveCfg = Release|Any CPU
		{FBF5BAC1-536C-4628-BB53-DFE09472C5F3}.Release|Any CPU.Build.0 = Release|Any CPU
		{1B81CAC2-3A7E-4B21-A84B-60CE02195228}.Debug|Any CPU.ActiveCfg = Debug|Any CPU
		{1B81CAC2-3A7E-4B21-A84B-60CE02195228}.Debug|Any CPU.Build.0 = Debug|Any CPU
		{1B81CAC2-3A7E-4B21-A84B-60CE02195228}.Release|Any CPU.ActiveCfg = Release|Any CPU
		{1B81CAC2-3A7E-4B21-A84B-60CE02195228}.Release|Any CPU.Build.0 = Release|Any CPU
		{557B6A38-27E5-4C5C-88BD-1A7AD38D78ED}.Debug|Any CPU.ActiveCfg = Debug|Any CPU
		{557B6A38-27E5-4C5C-88BD-1A7AD38D78ED}.Debug|Any CPU.Build.0 = Debug|Any CPU
		{557B6A38-27E5-4C5C-88BD-1A7AD38D78ED}.Release|Any CPU.ActiveCfg = Release|Any CPU
		{557B6A38-27E5-4C5C-88BD-1A7AD38D78ED}.Release|Any CPU.Build.0 = Release|Any CPU
	EndGlobalSection
	GlobalSection(SolutionProperties) = preSolution
		HideSolutionNode = FALSE
	EndGlobalSection
	GlobalSection(ExtensibilityGlobals) = postSolution
		SolutionGuid = {8581A1C0-D953-4091-8E53-BDEC677848F3}
	EndGlobalSection
EndGlobal
