
Microsoft Visual Studio Solution File, Format Version 12.00
# Visual Studio Version 16
VisualStudioVersion = 16.0.30804.86
MinimumVisualStudioVersion = 10.0.40219.1
Project("{9A19103F-16F7-4668-BE54-9A1E7A4F7556}") = "PetStore.Models", "PetStore.Models\PetStore.Models.csproj", "{606F3690-EF0C-4843-96F5-BC5EE9117DDE}"
EndProject
Project("{9A19103F-16F7-4668-BE54-9A1E7A4F7556}") = "PetStore.Data", "PetStore.Data\PetStore.Data.csproj", "{09BD9DCD-6BB4-41C5-8AE0-EB5A136803BC}"
EndProject
Project("{9A19103F-16F7-4668-BE54-9A1E7A4F7556}") = "PetStore.Common", "PetStore.Common\PetStore.Common.csproj", "{57CE4381-4F06-4CA7-9077-8A6A60365D59}"
EndProject
Project("{9A19103F-16F7-4668-BE54-9A1E7A4F7556}") = "PetStore.ConsoleApp", "PetStore.ConsoleApp\PetStore.ConsoleApp.csproj", "{E8F11CB6-2F4F-4E25-8F5E-898EC2D74101}"
EndProject
Project("{9A19103F-16F7-4668-BE54-9A1E7A4F7556}") = "PetStore.Services", "PetStore.Services\PetStore.Services.csproj", "{2E1CC808-89FB-4EB3-8F84-C19CB632A396}"
EndProject
Project("{9A19103F-16F7-4668-BE54-9A1E7A4F7556}") = "PetStore.ServiceModels", "PetStore.ServiceModels\PetStore.ServiceModels.csproj", "{74799016-65A5-4E9A-A66A-6AC3E98FC545}"
EndProject
Project("{FAE04EC0-301F-11D3-BF4B-00C04F79EFBC}") = "PetStore.Mapping", "PetStore.Mapping\PetStore.Mapping.csproj", "{534897E3-A5A1-473E-AF5E-53A78B3A8FD2}"
EndProject
Global
	GlobalSection(SolutionConfigurationPlatforms) = preSolution
		Debug|Any CPU = Debug|Any CPU
		Release|Any CPU = Release|Any CPU
	EndGlobalSection
	GlobalSection(ProjectConfigurationPlatforms) = postSolution
		{606F3690-EF0C-4843-96F5-BC5EE9117DDE}.Debug|Any CPU.ActiveCfg = Debug|Any CPU
		{606F3690-EF0C-4843-96F5-BC5EE9117DDE}.Debug|Any CPU.Build.0 = Debug|Any CPU
		{606F3690-EF0C-4843-96F5-BC5EE9117DDE}.Release|Any CPU.ActiveCfg = Release|Any CPU
		{606F3690-EF0C-4843-96F5-BC5EE9117DDE}.Release|Any CPU.Build.0 = Release|Any CPU
		{09BD9DCD-6BB4-41C5-8AE0-EB5A136803BC}.Debug|Any CPU.ActiveCfg = Debug|Any CPU
		{09BD9DCD-6BB4-41C5-8AE0-EB5A136803BC}.Debug|Any CPU.Build.0 = Debug|Any CPU
		{09BD9DCD-6BB4-41C5-8AE0-EB5A136803BC}.Release|Any CPU.ActiveCfg = Release|Any CPU
		{09BD9DCD-6BB4-41C5-8AE0-EB5A136803BC}.Release|Any CPU.Build.0 = Release|Any CPU
		{57CE4381-4F06-4CA7-9077-8A6A60365D59}.Debug|Any CPU.ActiveCfg = Debug|Any CPU
		{57CE4381-4F06-4CA7-9077-8A6A60365D59}.Debug|Any CPU.Build.0 = Debug|Any CPU
		{57CE4381-4F06-4CA7-9077-8A6A60365D59}.Release|Any CPU.ActiveCfg = Release|Any CPU
		{57CE4381-4F06-4CA7-9077-8A6A60365D59}.Release|Any CPU.Build.0 = Release|Any CPU
		{E8F11CB6-2F4F-4E25-8F5E-898EC2D74101}.Debug|Any CPU.ActiveCfg = Debug|Any CPU
		{E8F11CB6-2F4F-4E25-8F5E-898EC2D74101}.Debug|Any CPU.Build.0 = Debug|Any CPU
		{E8F11CB6-2F4F-4E25-8F5E-898EC2D74101}.Release|Any CPU.ActiveCfg = Release|Any CPU
		{E8F11CB6-2F4F-4E25-8F5E-898EC2D74101}.Release|Any CPU.Build.0 = Release|Any CPU
		{2E1CC808-89FB-4EB3-8F84-C19CB632A396}.Debug|Any CPU.ActiveCfg = Debug|Any CPU
		{2E1CC808-89FB-4EB3-8F84-C19CB632A396}.Debug|Any CPU.Build.0 = Debug|Any CPU
		{2E1CC808-89FB-4EB3-8F84-C19CB632A396}.Release|Any CPU.ActiveCfg = Release|Any CPU
		{2E1CC808-89FB-4EB3-8F84-C19CB632A396}.Release|Any CPU.Build.0 = Release|Any CPU
		{74799016-65A5-4E9A-A66A-6AC3E98FC545}.Debug|Any CPU.ActiveCfg = Debug|Any CPU
		{74799016-65A5-4E9A-A66A-6AC3E98FC545}.Debug|Any CPU.Build.0 = Debug|Any CPU
		{74799016-65A5-4E9A-A66A-6AC3E98FC545}.Release|Any CPU.ActiveCfg = Release|Any CPU
		{74799016-65A5-4E9A-A66A-6AC3E98FC545}.Release|Any CPU.Build.0 = Release|Any CPU
		{534897E3-A5A1-473E-AF5E-53A78B3A8FD2}.Debug|Any CPU.ActiveCfg = Debug|Any CPU
		{534897E3-A5A1-473E-AF5E-53A78B3A8FD2}.Debug|Any CPU.Build.0 = Debug|Any CPU
		{534897E3-A5A1-473E-AF5E-53A78B3A8FD2}.Release|Any CPU.ActiveCfg = Release|Any CPU
		{534897E3-A5A1-473E-AF5E-53A78B3A8FD2}.Release|Any CPU.Build.0 = Release|Any CPU
	EndGlobalSection
	GlobalSection(SolutionProperties) = preSolution
		HideSolutionNode = FALSE
	EndGlobalSection
	GlobalSection(ExtensibilityGlobals) = postSolution
		SolutionGuid = {8CD5CDDA-D3A1-4CEC-BED8-B8F907224AA7}
	EndGlobalSection
EndGlobal
