
Microsoft Visual Studio Solution File, Format Version 12.00
# Visual Studio Version 16
VisualStudioVersion = 16.0.30804.86
MinimumVisualStudioVersion = 10.0.40219.1
Project("{FAE04EC0-301F-11D3-BF4B-00C04F79EFBC}") = "1. Student System", "1. Student System\1. Student System.csproj", "{3DC11546-C627-4739-A876-5C5ADAED24CE}"
EndProject
Global
	GlobalSection(SolutionConfigurationPlatforms) = preSolution
		Debug|Any CPU = Debug|Any CPU
		Release|Any CPU = Release|Any CPU
	EndGlobalSection
	GlobalSection(ProjectConfigurationPlatforms) = postSolution
		{3DC11546-C627-4739-A876-5C5ADAED24CE}.Debug|Any CPU.ActiveCfg = Debug|Any CPU
		{3DC11546-C627-4739-A876-5C5ADAED24CE}.Debug|Any CPU.Build.0 = Debug|Any CPU
		{3DC11546-C627-4739-A876-5C5ADAED24CE}.Release|Any CPU.ActiveCfg = Release|Any CPU
		{3DC11546-C627-4739-A876-5C5ADAED24CE}.Release|Any CPU.Build.0 = Release|Any CPU
	EndGlobalSection
	GlobalSection(SolutionProperties) = preSolution
		HideSolutionNode = FALSE
	EndGlobalSection
	GlobalSection(ExtensibilityGlobals) = postSolution
		SolutionGuid = {D2B99C61-F0A5-48D8-9D54-BCF6AFA0C7F9}
	EndGlobalSection
EndGlobal
