
Microsoft Visual Studio Solution File, Format Version 12.00
# Visual Studio Version 16
VisualStudioVersion = 16.0.30804.86
MinimumVisualStudioVersion = 10.0.40219.1
Project("{9A19103F-16F7-4668-BE54-9A1E7A4F7556}") = "Scaffolf", "EFDemo\Scaffolf.csproj", "{FFACC75B-16D1-42C6-AC70-53E21B412F70}"
EndProject
Project("{FAE04EC0-301F-11D3-BF4B-00C04F79EFBC}") = "Code First", "Code First\Code First.csproj", "{D9385B8C-2ADE-4D00-9F5C-3791E047B56A}"
EndProject
Global
	GlobalSection(SolutionConfigurationPlatforms) = preSolution
		Debug|Any CPU = Debug|Any CPU
		Release|Any CPU = Release|Any CPU
	EndGlobalSection
	GlobalSection(ProjectConfigurationPlatforms) = postSolution
		{FFACC75B-16D1-42C6-AC70-53E21B412F70}.Debug|Any CPU.ActiveCfg = Debug|Any CPU
		{FFACC75B-16D1-42C6-AC70-53E21B412F70}.Debug|Any CPU.Build.0 = Debug|Any CPU
		{FFACC75B-16D1-42C6-AC70-53E21B412F70}.Release|Any CPU.ActiveCfg = Release|Any CPU
		{FFACC75B-16D1-42C6-AC70-53E21B412F70}.Release|Any CPU.Build.0 = Release|Any CPU
		{D9385B8C-2ADE-4D00-9F5C-3791E047B56A}.Debug|Any CPU.ActiveCfg = Debug|Any CPU
		{D9385B8C-2ADE-4D00-9F5C-3791E047B56A}.Debug|Any CPU.Build.0 = Debug|Any CPU
		{D9385B8C-2ADE-4D00-9F5C-3791E047B56A}.Release|Any CPU.ActiveCfg = Release|Any CPU
		{D9385B8C-2ADE-4D00-9F5C-3791E047B56A}.Release|Any CPU.Build.0 = Release|Any CPU
	EndGlobalSection
	GlobalSection(SolutionProperties) = preSolution
		HideSolutionNode = FALSE
	EndGlobalSection
	GlobalSection(ExtensibilityGlobals) = postSolution
		SolutionGuid = {F5E51A81-5B79-41D9-93D1-FC24D0F54D71}
	EndGlobalSection
EndGlobal
