
Microsoft Visual Studio Solution File, Format Version 12.00
# Visual Studio Version 16
VisualStudioVersion = 16.0.30804.86
MinimumVisualStudioVersion = 10.0.40219.1
Project("{FAE04EC0-301F-11D3-BF4B-00C04F79EFBC}") = "SoftUni", "2. Database First\SoftUni.csproj", "{9E8E9829-5341-4C52-BEC9-683385AD627D}"
EndProject
Global
	GlobalSection(SolutionConfigurationPlatforms) = preSolution
		Debug|Any CPU = Debug|Any CPU
		Release|Any CPU = Release|Any CPU
	EndGlobalSection
	GlobalSection(ProjectConfigurationPlatforms) = postSolution
		{9E8E9829-5341-4C52-BEC9-683385AD627D}.Debug|Any CPU.ActiveCfg = Debug|Any CPU
		{9E8E9829-5341-4C52-BEC9-683385AD627D}.Debug|Any CPU.Build.0 = Debug|Any CPU
		{9E8E9829-5341-4C52-BEC9-683385AD627D}.Release|Any CPU.ActiveCfg = Release|Any CPU
		{9E8E9829-5341-4C52-BEC9-683385AD627D}.Release|Any CPU.Build.0 = Release|Any CPU
	EndGlobalSection
	GlobalSection(SolutionProperties) = preSolution
		HideSolutionNode = FALSE
	EndGlobalSection
	GlobalSection(ExtensibilityGlobals) = postSolution
		SolutionGuid = {BF94521E-2F7C-48FF-B0AE-C8DEA15B0E8C}
	EndGlobalSection
EndGlobal
